github.com/vrecan/death v3.0.1+incompatible h1:hYRRqrdyoUAbymk2KJ8tNHmZFKcVeThRUySCqwC5Itg=
github.com/vrecan/death v3.0.1+incompatible/go.mod h1:ektTae4lwvcXJ7pytrLb2N0w7mwhzmu+f5vRHYzy33E=
github.com/yjp19871013/event-bus v0.0.2 h1:x+zSY14Cr+4+uhQxEtXEJwffjZ/9K7UYs14x9D65wYk=
github.com/yjp19871013/event-bus v0.0.2/go.mod h1:4CmD8vbckQA5NAtwZulvIjcdZuz100fexA8ulgx3B1c=
